// !$*UTF8*$!
{
	archiveVersion = 1;
	classes = {
	};
	objectVersion = 46;
	objects = {

/* Begin PBXBuildFile section */
		AB6B9E9819B98150003734A1 /* LogicalDevicesViewController.swift in Sources */ = {isa = PBXBuildFile; fileRef = AB6B9E9719B98150003734A1 /* LogicalDevicesViewController.swift */; };
		AB6B9E9A19B9824A003734A1 /* ServiceEntriesViewController.swift in Sources */ = {isa = PBXBuildFile; fileRef = AB6B9E9919B9824A003734A1 /* ServiceEntriesViewController.swift */; };
		AB6B9E9C19B9825C003734A1 /* ComponentsViewController.swift in Sources */ = {isa = PBXBuildFile; fileRef = AB6B9E9B19B9825C003734A1 /* ComponentsViewController.swift */; };
		AB6B9E9E19B98284003734A1 /* PersonsViewController.swift in Sources */ = {isa = PBXBuildFile; fileRef = AB6B9E9D19B98284003734A1 /* PersonsViewController.swift */; };
		AB867F2219A28CAF001E7E5E /* SystemDetailViewController.swift in Sources */ = {isa = PBXBuildFile; fileRef = AB867F2119A28CAF001E7E5E /* SystemDetailViewController.swift */; };
		AB867F2419A299C7001E7E5E /* SystemsViewController.swift in Sources */ = {isa = PBXBuildFile; fileRef = AB867F2319A299C7001E7E5E /* SystemsViewController.swift */; };
		ABA4879119F83E8D0024BFF2 /* ProjectDetailViewController.swift in Sources */ = {isa = PBXBuildFile; fileRef = ABA4879019F83E8D0024BFF2 /* ProjectDetailViewController.swift */; };
		ABA4879319F83F100024BFF2 /* ProjectsViewController.swift in Sources */ = {isa = PBXBuildFile; fileRef = ABA4879219F83F100024BFF2 /* ProjectsViewController.swift */; };
		ABCE55E619F769D0003B685B /* ServiceEntry.swift in Sources */ = {isa = PBXBuildFile; fileRef = ABCE55E519F769D0003B685B /* ServiceEntry.swift */; };
		ABCE55E819F769D0003B685B /* Component.swift in Sources */ = {isa = PBXBuildFile; fileRef = ABCE55E719F769D0003B685B /* Component.swift */; };
		ABCE55EA19F769D1003B685B /* Person.swift in Sources */ = {isa = PBXBuildFile; fileRef = ABCE55E919F769D1003B685B /* Person.swift */; };
		ABCE55EC19F769D1003B685B /* Document.swift in Sources */ = {isa = PBXBuildFile; fileRef = ABCE55EB19F769D1003B685B /* Document.swift */; };
		ABCE55EE19F769D1003B685B /* LogicalDevice.swift in Sources */ = {isa = PBXBuildFile; fileRef = ABCE55ED19F769D1003B685B /* LogicalDevice.swift */; };
		ABCE55F019F769D1003B685B /* System.swift in Sources */ = {isa = PBXBuildFile; fileRef = ABCE55EF19F769D1003B685B /* System.swift */; };
		ABCE55F219F769D1003B685B /* Project.swift in Sources */ = {isa = PBXBuildFile; fileRef = ABCE55F119F769D1003B685B /* Project.swift */; };
		ABD3D113199982370064F8A0 /* AppDelegate.swift in Sources */ = {isa = PBXBuildFile; fileRef = ABD3D112199982370064F8A0 /* AppDelegate.swift */; };
		ABD3D116199982370064F8A0 /* Field_QA2.xcdatamodeld in Sources */ = {isa = PBXBuildFile; fileRef = ABD3D114199982370064F8A0 /* Field_QA2.xcdatamodeld */; };
		ABD3D118199982370064F8A0 /* MasterViewController.swift in Sources */ = {isa = PBXBuildFile; fileRef = ABD3D117199982370064F8A0 /* MasterViewController.swift */; };
		ABD3D11A199982370064F8A0 /* DetailViewController.swift in Sources */ = {isa = PBXBuildFile; fileRef = ABD3D119199982370064F8A0 /* DetailViewController.swift */; };
		ABD3D11D199982370064F8A0 /* Main.storyboard in Resources */ = {isa = PBXBuildFile; fileRef = ABD3D11B199982370064F8A0 /* Main.storyboard */; };
		ABD3D11F199982370064F8A0 /* Images.xcassets in Resources */ = {isa = PBXBuildFile; fileRef = ABD3D11E199982370064F8A0 /* Images.xcassets */; };
		ABD3D12B199982370064F8A0 /* Field_QA2Tests.swift in Sources */ = {isa = PBXBuildFile; fileRef = ABD3D12A199982370064F8A0 /* Field_QA2Tests.swift */; };
		ABD3D135199C4C9A0064F8A0 /* ImageToDataTransformer.swift in Sources */ = {isa = PBXBuildFile; fileRef = ABD3D134199C4C9A0064F8A0 /* ImageToDataTransformer.swift */; };
		ABFD086719C88FF600742185 /* DatePickerViewController.swift in Sources */ = {isa = PBXBuildFile; fileRef = ABFD086619C88FF600742185 /* DatePickerViewController.swift */; };
		ABFD086919C8900700742185 /* DatePicker.storyboard in Resources */ = {isa = PBXBuildFile; fileRef = ABFD086819C8900700742185 /* DatePicker.storyboard */; };
		ABFD086B19C8DEA100742185 /* ComponentDetailViewController.swift in Sources */ = {isa = PBXBuildFile; fileRef = ABFD086A19C8DEA100742185 /* ComponentDetailViewController.swift */; };
		ABFD086D19C8F68600742185 /* LogicalDeviceDetailViewController.swift in Sources */ = {isa = PBXBuildFile; fileRef = ABFD086C19C8F68600742185 /* LogicalDeviceDetailViewController.swift */; };
		ABFD086F19C8F83800742185 /* ServiceEntryDetailViewController.swift in Sources */ = {isa = PBXBuildFile; fileRef = ABFD086E19C8F83800742185 /* ServiceEntryDetailViewController.swift */; };
/* End PBXBuildFile section */

/* Begin PBXContainerItemProxy section */
		ABD3D125199982370064F8A0 /* PBXContainerItemProxy */ = {
			isa = PBXContainerItemProxy;
			containerPortal = ABD3D105199982360064F8A0 /* Project object */;
			proxyType = 1;
			remoteGlobalIDString = ABD3D10C199982360064F8A0;
			remoteInfo = "Field QA2";
		};
/* End PBXContainerItemProxy section */

/* Begin PBXFileReference section */
		AB6B9E9719B98150003734A1 /* LogicalDevicesViewController.swift */ = {isa = PBXFileReference; fileEncoding = 4; lastKnownFileType = sourcecode.swift; path = LogicalDevicesViewController.swift; sourceTree = "<group>"; };
		AB6B9E9919B9824A003734A1 /* ServiceEntriesViewController.swift */ = {isa = PBXFileReference; fileEncoding = 4; lastKnownFileType = sourcecode.swift; path = ServiceEntriesViewController.swift; sourceTree = "<group>"; };
		AB6B9E9B19B9825C003734A1 /* ComponentsViewController.swift */ = {isa = PBXFileReference; fileEncoding = 4; lastKnownFileType = sourcecode.swift; path = ComponentsViewController.swift; sourceTree = "<group>"; };
		AB6B9E9D19B98284003734A1 /* PersonsViewController.swift */ = {isa = PBXFileReference; fileEncoding = 4; lastKnownFileType = sourcecode.swift; path = PersonsViewController.swift; sourceTree = "<group>"; };
		AB867F2119A28CAF001E7E5E /* SystemDetailViewController.swift */ = {isa = PBXFileReference; fileEncoding = 4; lastKnownFileType = sourcecode.swift; path = SystemDetailViewController.swift; sourceTree = "<group>"; };
		AB867F2319A299C7001E7E5E /* SystemsViewController.swift */ = {isa = PBXFileReference; fileEncoding = 4; lastKnownFileType = sourcecode.swift; path = SystemsViewController.swift; sourceTree = "<group>"; };
		ABA4879019F83E8D0024BFF2 /* ProjectDetailViewController.swift */ = {isa = PBXFileReference; fileEncoding = 4; lastKnownFileType = sourcecode.swift; path = ProjectDetailViewController.swift; sourceTree = "<group>"; };
		ABA4879219F83F100024BFF2 /* ProjectsViewController.swift */ = {isa = PBXFileReference; fileEncoding = 4; lastKnownFileType = sourcecode.swift; path = ProjectsViewController.swift; sourceTree = "<group>"; };
		ABCE55E519F769D0003B685B /* ServiceEntry.swift */ = {isa = PBXFileReference; fileEncoding = 4; lastKnownFileType = sourcecode.swift; path = ServiceEntry.swift; sourceTree = "<group>"; };
		ABCE55E719F769D0003B685B /* Component.swift */ = {isa = PBXFileReference; fileEncoding = 4; lastKnownFileType = sourcecode.swift; path = Component.swift; sourceTree = "<group>"; };
		ABCE55E919F769D1003B685B /* Person.swift */ = {isa = PBXFileReference; fileEncoding = 4; lastKnownFileType = sourcecode.swift; path = Person.swift; sourceTree = "<group>"; };
		ABCE55EB19F769D1003B685B /* Document.swift */ = {isa = PBXFileReference; fileEncoding = 4; lastKnownFileType = sourcecode.swift; path = Document.swift; sourceTree = "<group>"; };
		ABCE55ED19F769D1003B685B /* LogicalDevice.swift */ = {isa = PBXFileReference; fileEncoding = 4; lastKnownFileType = sourcecode.swift; path = LogicalDevice.swift; sourceTree = "<group>"; };
		ABCE55EF19F769D1003B685B /* System.swift */ = {isa = PBXFileReference; fileEncoding = 4; lastKnownFileType = sourcecode.swift; path = System.swift; sourceTree = "<group>"; };
		ABCE55F119F769D1003B685B /* Project.swift */ = {isa = PBXFileReference; fileEncoding = 4; lastKnownFileType = sourcecode.swift; path = Project.swift; sourceTree = "<group>"; };
		ABD3D10D199982360064F8A0 /* Field QA2.app */ = {isa = PBXFileReference; explicitFileType = wrapper.application; includeInIndex = 0; path = "Field QA2.app"; sourceTree = BUILT_PRODUCTS_DIR; };
		ABD3D111199982370064F8A0 /* Info.plist */ = {isa = PBXFileReference; lastKnownFileType = text.plist.xml; path = Info.plist; sourceTree = "<group>"; };
		ABD3D112199982370064F8A0 /* AppDelegate.swift */ = {isa = PBXFileReference; lastKnownFileType = sourcecode.swift; path = AppDelegate.swift; sourceTree = "<group>"; };
		ABD3D115199982370064F8A0 /* Field_QA2.xcdatamodel */ = {isa = PBXFileReference; lastKnownFileType = wrapper.xcdatamodel; path = Field_QA2.xcdatamodel; sourceTree = "<group>"; };
		ABD3D117199982370064F8A0 /* MasterViewController.swift */ = {isa = PBXFileReference; lastKnownFileType = sourcecode.swift; path = MasterViewController.swift; sourceTree = "<group>"; };
		ABD3D119199982370064F8A0 /* DetailViewController.swift */ = {isa = PBXFileReference; lastKnownFileType = sourcecode.swift; path = DetailViewController.swift; sourceTree = "<group>"; };
		ABD3D11C199982370064F8A0 /* Base */ = {isa = PBXFileReference; lastKnownFileType = file.storyboard; name = Base; path = Base.lproj/Main.storyboard; sourceTree = "<group>"; };
		ABD3D11E199982370064F8A0 /* Images.xcassets */ = {isa = PBXFileReference; lastKnownFileType = folder.assetcatalog; path = Images.xcassets; sourceTree = "<group>"; };
		ABD3D124199982370064F8A0 /* Field QA2Tests.xctest */ = {isa = PBXFileReference; explicitFileType = wrapper.cfbundle; includeInIndex = 0; path = "Field QA2Tests.xctest"; sourceTree = BUILT_PRODUCTS_DIR; };
		ABD3D129199982370064F8A0 /* Info.plist */ = {isa = PBXFileReference; lastKnownFileType = text.plist.xml; path = Info.plist; sourceTree = "<group>"; };
		ABD3D12A199982370064F8A0 /* Field_QA2Tests.swift */ = {isa = PBXFileReference; lastKnownFileType = sourcecode.swift; path = Field_QA2Tests.swift; sourceTree = "<group>"; };
		ABD3D134199C4C9A0064F8A0 /* ImageToDataTransformer.swift */ = {isa = PBXFileReference; fileEncoding = 4; lastKnownFileType = sourcecode.swift; path = ImageToDataTransformer.swift; sourceTree = "<group>"; };
		ABFD086619C88FF600742185 /* DatePickerViewController.swift */ = {isa = PBXFileReference; fileEncoding = 4; lastKnownFileType = sourcecode.swift; path = DatePickerViewController.swift; sourceTree = "<group>"; };
		ABFD086819C8900700742185 /* DatePicker.storyboard */ = {isa = PBXFileReference; fileEncoding = 4; lastKnownFileType = file.storyboard; path = DatePicker.storyboard; sourceTree = "<group>"; };
		ABFD086A19C8DEA100742185 /* ComponentDetailViewController.swift */ = {isa = PBXFileReference; fileEncoding = 4; lastKnownFileType = sourcecode.swift; path = ComponentDetailViewController.swift; sourceTree = "<group>"; };
		ABFD086C19C8F68600742185 /* LogicalDeviceDetailViewController.swift */ = {isa = PBXFileReference; fileEncoding = 4; lastKnownFileType = sourcecode.swift; path = LogicalDeviceDetailViewController.swift; sourceTree = "<group>"; };
		ABFD086E19C8F83800742185 /* ServiceEntryDetailViewController.swift */ = {isa = PBXFileReference; fileEncoding = 4; lastKnownFileType = sourcecode.swift; path = ServiceEntryDetailViewController.swift; sourceTree = "<group>"; };
/* End PBXFileReference section */

/* Begin PBXFrameworksBuildPhase section */
		ABD3D10A199982360064F8A0 /* Frameworks */ = {
			isa = PBXFrameworksBuildPhase;
			buildActionMask = 2147483647;
			files = (
			);
			runOnlyForDeploymentPostprocessing = 0;
		};
		ABD3D121199982370064F8A0 /* Frameworks */ = {
			isa = PBXFrameworksBuildPhase;
			buildActionMask = 2147483647;
			files = (
			);
			runOnlyForDeploymentPostprocessing = 0;
		};
/* End PBXFrameworksBuildPhase section */

/* Begin PBXGroup section */
		ABCE55F319F769E0003B685B /* Model */ = {
			isa = PBXGroup;
			children = (
				ABD3D114199982370064F8A0 /* Field_QA2.xcdatamodeld */,
				ABCE55E719F769D0003B685B /* Component.swift */,
				ABCE55EB19F769D1003B685B /* Document.swift */,
				ABCE55ED19F769D1003B685B /* LogicalDevice.swift */,
				ABCE55E919F769D1003B685B /* Person.swift */,
				ABCE55F119F769D1003B685B /* Project.swift */,
				ABCE55E519F769D0003B685B /* ServiceEntry.swift */,
				ABCE55EF19F769D1003B685B /* System.swift */,
			);
			name = Model;
			sourceTree = "<group>";
		};
		ABD3D104199982360064F8A0 = {
			isa = PBXGroup;
			children = (
				ABD3D10F199982360064F8A0 /* Field QA2 */,
				ABD3D127199982370064F8A0 /* Field QA2Tests */,
				ABD3D10E199982360064F8A0 /* Products */,
			);
			sourceTree = "<group>";
		};
		ABD3D10E199982360064F8A0 /* Products */ = {
			isa = PBXGroup;
			children = (
				ABD3D10D199982360064F8A0 /* Field QA2.app */,
				ABD3D124199982370064F8A0 /* Field QA2Tests.xctest */,
			);
			name = Products;
			sourceTree = "<group>";
		};
		ABD3D10F199982360064F8A0 /* Field QA2 */ = {
			isa = PBXGroup;
			children = (
				ABD3D112199982370064F8A0 /* AppDelegate.swift */,
				ABFD086A19C8DEA100742185 /* ComponentDetailViewController.swift */,
				AB6B9E9B19B9825C003734A1 /* ComponentsViewController.swift */,
				ABFD086819C8900700742185 /* DatePicker.storyboard */,
				ABFD086619C88FF600742185 /* DatePickerViewController.swift */,
				ABD3D119199982370064F8A0 /* DetailViewController.swift */,
				ABCE55F319F769E0003B685B /* Model */,
				ABD3D11E199982370064F8A0 /* Images.xcassets */,
				ABD3D134199C4C9A0064F8A0 /* ImageToDataTransformer.swift */,
				AB6B9E9719B98150003734A1 /* LogicalDevicesViewController.swift */,
				ABFD086C19C8F68600742185 /* LogicalDeviceDetailViewController.swift */,
				ABD3D11B199982370064F8A0 /* Main.storyboard */,
				ABD3D117199982370064F8A0 /* MasterViewController.swift */,
				AB6B9E9D19B98284003734A1 /* PersonsViewController.swift */,
				AB6B9E9919B9824A003734A1 /* ServiceEntriesViewController.swift */,
				ABFD086E19C8F83800742185 /* ServiceEntryDetailViewController.swift */,
				ABA4879019F83E8D0024BFF2 /* ProjectDetailViewController.swift */,
				ABA4879219F83F100024BFF2 /* ProjectsViewController.swift */,
				ABD3D110199982370064F8A0 /* Supporting Files */,
				AB867F2119A28CAF001E7E5E /* SystemDetailViewController.swift */,
				AB867F2319A299C7001E7E5E /* SystemsViewController.swift */,
			);
			path = "Field QA2";
			sourceTree = "<group>";
		};
		ABD3D110199982370064F8A0 /* Supporting Files */ = {
			isa = PBXGroup;
			children = (
				ABD3D111199982370064F8A0 /* Info.plist */,
			);
			name = "Supporting Files";
			sourceTree = "<group>";
		};
		ABD3D127199982370064F8A0 /* Field QA2Tests */ = {
			isa = PBXGroup;
			children = (
				ABD3D12A199982370064F8A0 /* Field_QA2Tests.swift */,
				ABD3D128199982370064F8A0 /* Supporting Files */,
			);
			path = "Field QA2Tests";
			sourceTree = "<group>";
		};
		ABD3D128199982370064F8A0 /* Supporting Files */ = {
			isa = PBXGroup;
			children = (
				ABD3D129199982370064F8A0 /* Info.plist */,
			);
			name = "Supporting Files";
			sourceTree = "<group>";
		};
/* End PBXGroup section */

/* Begin PBXNativeTarget section */
		ABD3D10C199982360064F8A0 /* Field QA2 */ = {
			isa = PBXNativeTarget;
			buildConfigurationList = ABD3D12E199982370064F8A0 /* Build configuration list for PBXNativeTarget "Field QA2" */;
			buildPhases = (
				ABD3D109199982360064F8A0 /* Sources */,
				ABD3D10A199982360064F8A0 /* Frameworks */,
				ABD3D10B199982360064F8A0 /* Resources */,
			);
			buildRules = (
			);
			dependencies = (
			);
			name = "Field QA2";
			productName = "Field QA2";
			productReference = ABD3D10D199982360064F8A0 /* Field QA2.app */;
			productType = "com.apple.product-type.application";
		};
		ABD3D123199982370064F8A0 /* Field QA2Tests */ = {
			isa = PBXNativeTarget;
			buildConfigurationList = ABD3D131199982370064F8A0 /* Build configuration list for PBXNativeTarget "Field QA2Tests" */;
			buildPhases = (
				ABD3D120199982370064F8A0 /* Sources */,
				ABD3D121199982370064F8A0 /* Frameworks */,
				ABD3D122199982370064F8A0 /* Resources */,
			);
			buildRules = (
			);
			dependencies = (
				ABD3D126199982370064F8A0 /* PBXTargetDependency */,
			);
			name = "Field QA2Tests";
			productName = "Field QA2Tests";
			productReference = ABD3D124199982370064F8A0 /* Field QA2Tests.xctest */;
			productType = "com.apple.product-type.bundle.unit-test";
		};
/* End PBXNativeTarget section */

/* Begin PBXProject section */
		ABD3D105199982360064F8A0 /* Project object */ = {
			isa = PBXProject;
			attributes = {
				LastUpgradeCheck = 0600;
				ORGANIZATIONNAME = "University of Nevada, Reno";
				TargetAttributes = {
					ABD3D10C199982360064F8A0 = {
						CreatedOnToolsVersion = 6.0;
					};
					ABD3D123199982370064F8A0 = {
						CreatedOnToolsVersion = 6.0;
						TestTargetID = ABD3D10C199982360064F8A0;
					};
				};
			};
			buildConfigurationList = ABD3D108199982360064F8A0 /* Build configuration list for PBXProject "Field QA2" */;
			compatibilityVersion = "Xcode 3.2";
			developmentRegion = English;
			hasScannedForEncodings = 0;
			knownRegions = (
				en,
				Base,
			);
			mainGroup = ABD3D104199982360064F8A0;
			productRefGroup = ABD3D10E199982360064F8A0 /* Products */;
			projectDirPath = "";
			projectRoot = "";
			targets = (
				ABD3D10C199982360064F8A0 /* Field QA2 */,
				ABD3D123199982370064F8A0 /* Field QA2Tests */,
			);
		};
/* End PBXProject section */

/* Begin PBXResourcesBuildPhase section */
		ABD3D10B199982360064F8A0 /* Resources */ = {
			isa = PBXResourcesBuildPhase;
			buildActionMask = 2147483647;
			files = (
				ABFD086919C8900700742185 /* DatePicker.storyboard in Resources */,
				ABD3D11D199982370064F8A0 /* Main.storyboard in Resources */,
				ABD3D11F199982370064F8A0 /* Images.xcassets in Resources */,
			);
			runOnlyForDeploymentPostprocessing = 0;
		};
		ABD3D122199982370064F8A0 /* Resources */ = {
			isa = PBXResourcesBuildPhase;
			buildActionMask = 2147483647;
			files = (
			);
			runOnlyForDeploymentPostprocessing = 0;
		};
/* End PBXResourcesBuildPhase section */

/* Begin PBXSourcesBuildPhase section */
		ABD3D109199982360064F8A0 /* Sources */ = {
			isa = PBXSourcesBuildPhase;
			buildActionMask = 2147483647;
			files = (
				ABA4879319F83F100024BFF2 /* ProjectsViewController.swift in Sources */,
				ABCE55E619F769D0003B685B /* ServiceEntry.swift in Sources */,
				ABCE55F019F769D1003B685B /* System.swift in Sources */,
				AB867F2419A299C7001E7E5E /* SystemsViewController.swift in Sources */,
				ABD3D113199982370064F8A0 /* AppDelegate.swift in Sources */,
				ABCE55E819F769D0003B685B /* Component.swift in Sources */,
				ABD3D135199C4C9A0064F8A0 /* ImageToDataTransformer.swift in Sources */,
				AB867F2219A28CAF001E7E5E /* SystemDetailViewController.swift in Sources */,
				ABA4879119F83E8D0024BFF2 /* ProjectDetailViewController.swift in Sources */,
				ABCE55F219F769D1003B685B /* Project.swift in Sources */,
				ABCE55EA19F769D1003B685B /* Person.swift in Sources */,
				ABD3D116199982370064F8A0 /* Field_QA2.xcdatamodeld in Sources */,
				AB6B9E9C19B9825C003734A1 /* ComponentsViewController.swift in Sources */,
				ABFD086F19C8F83800742185 /* ServiceEntryDetailViewController.swift in Sources */,
				ABFD086B19C8DEA100742185 /* ComponentDetailViewController.swift in Sources */,
				AB6B9E9819B98150003734A1 /* LogicalDevicesViewController.swift in Sources */,
				ABFD086719C88FF600742185 /* DatePickerViewController.swift in Sources */,
				ABCE55EE19F769D1003B685B /* LogicalDevice.swift in Sources */,
				ABFD086D19C8F68600742185 /* LogicalDeviceDetailViewController.swift in Sources */,
				ABD3D118199982370064F8A0 /* MasterViewController.swift in Sources */,
				ABD3D11A199982370064F8A0 /* DetailViewController.swift in Sources */,
				AB6B9E9A19B9824A003734A1 /* ServiceEntriesViewController.swift in Sources */,
				AB6B9E9E19B98284003734A1 /* PersonsViewController.swift in Sources */,
				ABCE55EC19F769D1003B685B /* Document.swift in Sources */,
			);
			runOnlyForDeploymentPostprocessing = 0;
		};
		ABD3D120199982370064F8A0 /* Sources */ = {
			isa = PBXSourcesBuildPhase;
			buildActionMask = 2147483647;
			files = (
				ABD3D12B199982370064F8A0 /* Field_QA2Tests.swift in Sources */,
			);
			runOnlyForDeploymentPostprocessing = 0;
		};
/* End PBXSourcesBuildPhase section */

/* Begin PBXTargetDependency section */
		ABD3D126199982370064F8A0 /* PBXTargetDependency */ = {
			isa = PBXTargetDependency;
			target = ABD3D10C199982360064F8A0 /* Field QA2 */;
			targetProxy = ABD3D125199982370064F8A0 /* PBXContainerItemProxy */;
		};
/* End PBXTargetDependency section */

/* Begin PBXVariantGroup section */
		ABD3D11B199982370064F8A0 /* Main.storyboard */ = {
			isa = PBXVariantGroup;
			children = (
				ABD3D11C199982370064F8A0 /* Base */,
			);
			name = Main.storyboard;
			sourceTree = "<group>";
		};
/* End PBXVariantGroup section */

/* Begin XCBuildConfiguration section */
		ABD3D12C199982370064F8A0 /* Debug */ = {
			isa = XCBuildConfiguration;
			buildSettings = {
				ALWAYS_SEARCH_USER_PATHS = NO;
				CLANG_CXX_LANGUAGE_STANDARD = "gnu++0x";
				CLANG_CXX_LIBRARY = "libc++";
				CLANG_ENABLE_MODULES = YES;
				CLANG_ENABLE_OBJC_ARC = YES;
				CLANG_WARN_BOOL_CONVERSION = YES;
				CLANG_WARN_CONSTANT_CONVERSION = YES;
				CLANG_WARN_DIRECT_OBJC_ISA_USAGE = YES_ERROR;
				CLANG_WARN_EMPTY_BODY = YES;
				CLANG_WARN_ENUM_CONVERSION = YES;
				CLANG_WARN_INT_CONVERSION = YES;
				CLANG_WARN_OBJC_ROOT_CLASS = YES_ERROR;
				CLANG_WARN_UNREACHABLE_CODE = YES;
				CLANG_WARN__DUPLICATE_METHOD_MATCH = YES;
				"CODE_SIGN_IDENTITY[sdk=iphoneos*]" = "iPhone Developer";
				COPY_PHASE_STRIP = NO;
				ENABLE_STRICT_OBJC_MSGSEND = YES;
				GCC_C_LANGUAGE_STANDARD = gnu99;
				GCC_DYNAMIC_NO_PIC = NO;
				GCC_OPTIMIZATION_LEVEL = 0;
				GCC_PREPROCESSOR_DEFINITIONS = (
					"DEBUG=1",
					"$(inherited)",
				);
				GCC_SYMBOLS_PRIVATE_EXTERN = NO;
				GCC_WARN_64_TO_32_BIT_CONVERSION = YES;
				GCC_WARN_ABOUT_RETURN_TYPE = YES_ERROR;
				GCC_WARN_UNDECLARED_SELECTOR = YES;
				GCC_WARN_UNINITIALIZED_AUTOS = YES_AGGRESSIVE;
				GCC_WARN_UNUSED_FUNCTION = YES;
				GCC_WARN_UNUSED_VARIABLE = YES;
				IPHONEOS_DEPLOYMENT_TARGET = 8.0;
				MTL_ENABLE_DEBUG_INFO = YES;
				ONLY_ACTIVE_ARCH = YES;
				SDKROOT = iphoneos;
				SWIFT_OPTIMIZATION_LEVEL = "-Onone";
				TARGETED_DEVICE_FAMILY = "1,2";
			};
			name = Debug;
		};
		ABD3D12D199982370064F8A0 /* Release */ = {
			isa = XCBuildConfiguration;
			buildSettings = {
				ALWAYS_SEARCH_USER_PATHS = NO;
				CLANG_CXX_LANGUAGE_STANDARD = "gnu++0x";
				CLANG_CXX_LIBRARY = "libc++";
				CLANG_ENABLE_MODULES = YES;
				CLANG_ENABLE_OBJC_ARC = YES;
				CLANG_WARN_BOOL_CONVERSION = YES;
				CLANG_WARN_CONSTANT_CONVERSION = YES;
				CLANG_WARN_DIRECT_OBJC_ISA_USAGE = YES_ERROR;
				CLANG_WARN_EMPTY_BODY = YES;
				CLANG_WARN_ENUM_CONVERSION = YES;
				CLANG_WARN_INT_CONVERSION = YES;
				CLANG_WARN_OBJC_ROOT_CLASS = YES_ERROR;
				CLANG_WARN_UNREACHABLE_CODE = YES;
				CLANG_WARN__DUPLICATE_METHOD_MATCH = YES;
				"CODE_SIGN_IDENTITY[sdk=iphoneos*]" = "iPhone Developer";
				COPY_PHASE_STRIP = YES;
				ENABLE_NS_ASSERTIONS = NO;
				ENABLE_STRICT_OBJC_MSGSEND = YES;
				GCC_C_LANGUAGE_STANDARD = gnu99;
				GCC_WARN_64_TO_32_BIT_CONVERSION = YES;
				GCC_WARN_ABOUT_RETURN_TYPE = YES_ERROR;
				GCC_WARN_UNDECLARED_SELECTOR = YES;
				GCC_WARN_UNINITIALIZED_AUTOS = YES_AGGRESSIVE;
				GCC_WARN_UNUSED_FUNCTION = YES;
				GCC_WARN_UNUSED_VARIABLE = YES;
				IPHONEOS_DEPLOYMENT_TARGET = 8.0;
				MTL_ENABLE_DEBUG_INFO = NO;
				SDKROOT = iphoneos;
				TARGETED_DEVICE_FAMILY = "1,2";
				VALIDATE_PRODUCT = YES;
			};
			name = Release;
		};
		ABD3D12F199982370064F8A0 /* Debug */ = {
			isa = XCBuildConfiguration;
			buildSettings = {
				ASSETCATALOG_COMPILER_APPICON_NAME = AppIcon;
				ASSETCATALOG_COMPILER_LAUNCHIMAGE_NAME = LaunchImage;
				CLANG_ENABLE_MODULES = YES;
				INFOPLIST_FILE = "Field QA2/Info.plist";
				LD_RUNPATH_SEARCH_PATHS = "$(inherited) @executable_path/Frameworks";
				PRODUCT_NAME = "$(TARGET_NAME)";
				SWIFT_OPTIMIZATION_LEVEL = "-Onone";
			};
			name = Debug;
		};
		ABD3D130199982370064F8A0 /* Release */ = {
			isa = XCBuildConfiguration;
			buildSettings = {
				ASSETCATALOG_COMPILER_APPICON_NAME = AppIcon;
				ASSETCATALOG_COMPILER_LAUNCHIMAGE_NAME = LaunchImage;
				CLANG_ENABLE_MODULES = YES;
				INFOPLIST_FILE = "Field QA2/Info.plist";
				LD_RUNPATH_SEARCH_PATHS = "$(inherited) @executable_path/Frameworks";
				PRODUCT_NAME = "$(TARGET_NAME)";
			};
			name = Release;
		};
		ABD3D132199982370064F8A0 /* Debug */ = {
			isa = XCBuildConfiguration;
			buildSettings = {
				BUNDLE_LOADER = "$(TEST_HOST)";
				FRAMEWORK_SEARCH_PATHS = (
					"$(SDKROOT)/Developer/Library/Frameworks",
					"$(inherited)",
				);
				GCC_PREPROCESSOR_DEFINITIONS = (
					"DEBUG=1",
					"$(inherited)",
				);
				INFOPLIST_FILE = "Field QA2Tests/Info.plist";
				LD_RUNPATH_SEARCH_PATHS = "$(inherited) @executable_path/Frameworks @loader_path/Frameworks";
				PRODUCT_NAME = "$(TARGET_NAME)";
				TEST_HOST = "$(BUILT_PRODUCTS_DIR)/Field QA2.app/Field QA2";
			};
			name = Debug;
		};
		ABD3D133199982370064F8A0 /* Release */ = {
			isa = XCBuildConfiguration;
			buildSettings = {
				BUNDLE_LOADER = "$(TEST_HOST)";
				FRAMEWORK_SEARCH_PATHS = (
					"$(SDKROOT)/Developer/Library/Frameworks",
					"$(inherited)",
				);
				INFOPLIST_FILE = "Field QA2Tests/Info.plist";
				LD_RUNPATH_SEARCH_PATHS = "$(inherited) @executable_path/Frameworks @loader_path/Frameworks";
				PRODUCT_NAME = "$(TARGET_NAME)";
				TEST_HOST = "$(BUILT_PRODUCTS_DIR)/Field QA2.app/Field QA2";
			};
			name = Release;
		};
/* End XCBuildConfiguration section */

/* Begin XCConfigurationList section */
		ABD3D108199982360064F8A0 /* Build configuration list for PBXProject "Field QA2" */ = {
			isa = XCConfigurationList;
			buildConfigurations = (
				ABD3D12C199982370064F8A0 /* Debug */,
				ABD3D12D199982370064F8A0 /* Release */,
			);
			defaultConfigurationIsVisible = 0;
			defaultConfigurationName = Release;
		};
		ABD3D12E199982370064F8A0 /* Build configuration list for PBXNativeTarget "Field QA2" */ = {
			isa = XCConfigurationList;
			buildConfigurations = (
				ABD3D12F199982370064F8A0 /* Debug */,
				ABD3D130199982370064F8A0 /* Release */,
			);
			defaultConfigurationIsVisible = 0;
			defaultConfigurationName = Release;
		};
		ABD3D131199982370064F8A0 /* Build configuration list for PBXNativeTarget "Field QA2Tests" */ = {
			isa = XCConfigurationList;
			buildConfigurations = (
				ABD3D132199982370064F8A0 /* Debug */,
				ABD3D133199982370064F8A0 /* Release */,
			);
			defaultConfigurationIsVisible = 0;
			defaultConfigurationName = Release;
		};
/* End XCConfigurationList section */

/* Begin XCVersionGroup section */
		ABD3D114199982370064F8A0 /* Field_QA2.xcdatamodeld */ = {
			isa = XCVersionGroup;
			children = (
				ABD3D115199982370064F8A0 /* Field_QA2.xcdatamodel */,
			);
			currentVersion = ABD3D115199982370064F8A0 /* Field_QA2.xcdatamodel */;
			path = Field_QA2.xcdatamodeld;
			sourceTree = "<group>";
			versionGroupType = wrapper.xcdatamodel;
		};
/* End XCVersionGroup section */
	};
	rootObject = ABD3D105199982360064F8A0 /* Project object */;
}
